
Microsoft Visual Studio Solution File, Format Version 12.00
# Visual Studio Version 16
VisualStudioVersion = 16.0.30503.244
MinimumVisualStudioVersion = 10.0.40219.1
Project("{FAE04EC0-301F-11D3-BF4B-00C04F79EFBC}") = "SpotifyVoicifySample", "SpotifyVoicifySample\SpotifyVoicifySample.csproj", "{63BDAE8D-AE0E-42D4-98B4-DF4B8336303E}"
EndProject
Global
	GlobalSection(SolutionConfigurationPlatforms) = preSolution
		Debug|Any CPU = Debug|Any CPU
		Release|Any CPU = Release|Any CPU
	EndGlobalSection
	GlobalSection(ProjectConfigurationPlatforms) = postSolution
		{63BDAE8D-AE0E-42D4-98B4-DF4B8336303E}.Debug|Any CPU.ActiveCfg = Debug|Any CPU
		{63BDAE8D-AE0E-42D4-98B4-DF4B8336303E}.Debug|Any CPU.Build.0 = Debug|Any CPU
		{63BDAE8D-AE0E-42D4-98B4-DF4B8336303E}.Release|Any CPU.ActiveCfg = Release|Any CPU
		{63BDAE8D-AE0E-42D4-98B4-DF4B8336303E}.Release|Any CPU.Build.0 = Release|Any CPU
	EndGlobalSection
	GlobalSection(SolutionProperties) = preSolution
		HideSolutionNode = FALSE
	EndGlobalSection
	GlobalSection(ExtensibilityGlobals) = postSolution
		SolutionGuid = {E9AF1751-BB1C-49B9-AD00-4CBAD75C7F02}
	EndGlobalSection
EndGlobal
